# This file is automatically @generated by Cargo.
# It is not intended for manual editing.
version = 4

[[package]]
name = "shell-app"
version = "0.1.0"

[[package]]
name = "shell-config"
version = "0.1.0"

[[package]]
name = "shell-core"
version = "0.1.0"

[[package]]
name = "shell-platform-windows"
version = "0.1.0"

[[package]]
name = "shell-renderer"
version = "0.1.0"

[[package]]
name = "shell-watchdog"
version = "0.1.0"
